
Microsoft Visual Studio Solution File, Format Version 12.00
# Visual Studio Version 17
VisualStudioVersion = 17.13.35825.156
MinimumVisualStudioVersion = 10.0.40219.1
Project("{FAE04EC0-301F-11D3-BF4B-00C04F79EFBC}") = "RedisSharp", "RedisSharp\RedisSharp.csproj", "{D856D75E-9CAF-4B7F-ADAB-D9C81072A0DC}"
EndProject
Project("{FAE04EC0-301F-11D3-BF4B-00C04F79EFBC}") = "Sample", "Sample\Sample.csproj", "{DBFD8489-C225-453E-88AA-4BF0B40EB9DF}"
EndProject
Global
	GlobalSection(SolutionConfigurationPlatforms) = preSolution
		Debug|Any CPU = Debug|Any CPU
		Release|Any CPU = Release|Any CPU
	EndGlobalSection
	GlobalSection(ProjectConfigurationPlatforms) = postSolution
		{D856D75E-9CAF-4B7F-ADAB-D9C81072A0DC}.Debug|Any CPU.ActiveCfg = Debug|Any CPU
		{D856D75E-9CAF-4B7F-ADAB-D9C81072A0DC}.Debug|Any CPU.Build.0 = Debug|Any CPU
		{D856D75E-9CAF-4B7F-ADAB-D9C81072A0DC}.Release|Any CPU.ActiveCfg = Release|Any CPU
		{D856D75E-9CAF-4B7F-ADAB-D9C81072A0DC}.Release|Any CPU.Build.0 = Release|Any CPU
		{DBFD8489-C225-453E-88AA-4BF0B40EB9DF}.Debug|Any CPU.ActiveCfg = Debug|Any CPU
		{DBFD8489-C225-453E-88AA-4BF0B40EB9DF}.Debug|Any CPU.Build.0 = Debug|Any CPU
		{DBFD8489-C225-453E-88AA-4BF0B40EB9DF}.Release|Any CPU.ActiveCfg = Release|Any CPU
		{DBFD8489-C225-453E-88AA-4BF0B40EB9DF}.Release|Any CPU.Build.0 = Release|Any CPU
	EndGlobalSection
	GlobalSection(SolutionProperties) = preSolution
		HideSolutionNode = FALSE
	EndGlobalSection
	GlobalSection(ExtensibilityGlobals) = postSolution
		SolutionGuid = {48820854-262D-4E2D-855D-7D8F77268015}
	EndGlobalSection
EndGlobal
